// !$*UTF8*$!
{
	archiveVersion = 1;
	classes = {
	};
	objectVersion = 56;
	objects = {

/* Begin PBXBuildFile section */
		2377861F2B60AB2A00FA3696 /* AppDelegate.swift in Sources */ = {isa = PBXBuildFile; fileRef = 2377861E2B60AB2A00FA3696 /* AppDelegate.swift */; };
		237786212B60AB2A00FA3696 /* SceneDelegate.swift in Sources */ = {isa = PBXBuildFile; fileRef = 237786202B60AB2A00FA3696 /* SceneDelegate.swift */; };
		237786232B60AB2A00FA3696 /* SearchVC.swift in Sources */ = {isa = PBXBuildFile; fileRef = 237786222B60AB2A00FA3696 /* SearchVC.swift */; };
		237786282B60AB2C00FA3696 /* Assets.xcassets in Resources */ = {isa = PBXBuildFile; fileRef = 237786272B60AB2C00FA3696 /* Assets.xcassets */; };
		2377862B2B60AB2C00FA3696 /* LaunchScreen.storyboard in Resources */ = {isa = PBXBuildFile; fileRef = 237786292B60AB2C00FA3696 /* LaunchScreen.storyboard */; };
		237786332B60B09200FA3696 /* FavoriteListVC.swift in Sources */ = {isa = PBXBuildFile; fileRef = 237786322B60B09200FA3696 /* FavoriteListVC.swift */; };
		237786352B60B64500FA3696 /* GFButton.swift in Sources */ = {isa = PBXBuildFile; fileRef = 237786342B60B64500FA3696 /* GFButton.swift */; };
		237786372B60B74200FA3696 /* GFTextField.swift in Sources */ = {isa = PBXBuildFile; fileRef = 237786362B60B74200FA3696 /* GFTextField.swift */; };
		237786392B63385500FA3696 /* FollowerListVC.swift in Sources */ = {isa = PBXBuildFile; fileRef = 237786382B63385500FA3696 /* FollowerListVC.swift */; };
		239750402B67384300BDF68B /* GFTitleLabel.swift in Sources */ = {isa = PBXBuildFile; fileRef = 2397503F2B67384300BDF68B /* GFTitleLabel.swift */; };
		239750422B6739E000BDF68B /* GFBodyLabel.swift in Sources */ = {isa = PBXBuildFile; fileRef = 239750412B6739E000BDF68B /* GFBodyLabel.swift */; };
		239750442B673A5400BDF68B /* GFAlertVC.swift in Sources */ = {isa = PBXBuildFile; fileRef = 239750432B673A5400BDF68B /* GFAlertVC.swift */; };
		239750472B674CC900BDF68B /* UIViewController+Ext.swift in Sources */ = {isa = PBXBuildFile; fileRef = 239750462B674CC900BDF68B /* UIViewController+Ext.swift */; };
/* End PBXBuildFile section */

/* Begin PBXFileReference section */
		2377861B2B60AB2A00FA3696 /* Github Followers.app */ = {isa = PBXFileReference; explicitFileType = wrapper.application; includeInIndex = 0; path = "Github Followers.app"; sourceTree = BUILT_PRODUCTS_DIR; };
		2377861E2B60AB2A00FA3696 /* AppDelegate.swift */ = {isa = PBXFileReference; lastKnownFileType = sourcecode.swift; path = AppDelegate.swift; sourceTree = "<group>"; };
		237786202B60AB2A00FA3696 /* SceneDelegate.swift */ = {isa = PBXFileReference; lastKnownFileType = sourcecode.swift; path = SceneDelegate.swift; sourceTree = "<group>"; };
		237786222B60AB2A00FA3696 /* SearchVC.swift */ = {isa = PBXFileReference; lastKnownFileType = sourcecode.swift; path = SearchVC.swift; sourceTree = "<group>"; };
		237786272B60AB2C00FA3696 /* Assets.xcassets */ = {isa = PBXFileReference; lastKnownFileType = folder.assetcatalog; path = Assets.xcassets; sourceTree = "<group>"; };
		2377862A2B60AB2C00FA3696 /* Base */ = {isa = PBXFileReference; lastKnownFileType = file.storyboard; name = Base; path = Base.lproj/LaunchScreen.storyboard; sourceTree = "<group>"; };
		2377862C2B60AB2C00FA3696 /* Info.plist */ = {isa = PBXFileReference; lastKnownFileType = text.plist.xml; path = Info.plist; sourceTree = "<group>"; };
		237786322B60B09200FA3696 /* FavoriteListVC.swift */ = {isa = PBXFileReference; lastKnownFileType = sourcecode.swift; path = FavoriteListVC.swift; sourceTree = "<group>"; };
		237786342B60B64500FA3696 /* GFButton.swift */ = {isa = PBXFileReference; lastKnownFileType = sourcecode.swift; path = GFButton.swift; sourceTree = "<group>"; };
		237786362B60B74200FA3696 /* GFTextField.swift */ = {isa = PBXFileReference; lastKnownFileType = sourcecode.swift; path = GFTextField.swift; sourceTree = "<group>"; };
		237786382B63385500FA3696 /* FollowerListVC.swift */ = {isa = PBXFileReference; lastKnownFileType = sourcecode.swift; path = FollowerListVC.swift; sourceTree = "<group>"; };
		2397503F2B67384300BDF68B /* GFTitleLabel.swift */ = {isa = PBXFileReference; lastKnownFileType = sourcecode.swift; path = GFTitleLabel.swift; sourceTree = "<group>"; };
		239750412B6739E000BDF68B /* GFBodyLabel.swift */ = {isa = PBXFileReference; lastKnownFileType = sourcecode.swift; path = GFBodyLabel.swift; sourceTree = "<group>"; };
		239750432B673A5400BDF68B /* GFAlertVC.swift */ = {isa = PBXFileReference; lastKnownFileType = sourcecode.swift; path = GFAlertVC.swift; sourceTree = "<group>"; };
		239750462B674CC900BDF68B /* UIViewController+Ext.swift */ = {isa = PBXFileReference; lastKnownFileType = sourcecode.swift; path = "UIViewController+Ext.swift"; sourceTree = "<group>"; };
/* End PBXFileReference section */

/* Begin PBXFrameworksBuildPhase section */
		237786182B60AB2A00FA3696 /* Frameworks */ = {
			isa = PBXFrameworksBuildPhase;
			buildActionMask = 2147483647;
			files = (
			);
			runOnlyForDeploymentPostprocessing = 0;
		};
/* End PBXFrameworksBuildPhase section */

/* Begin PBXGroup section */
		237786122B60AB2A00FA3696 = {
			isa = PBXGroup;
			children = (
				2377861D2B60AB2A00FA3696 /* Github Followers */,
				2377861C2B60AB2A00FA3696 /* Products */,
			);
			sourceTree = "<group>";
		};
		2377861C2B60AB2A00FA3696 /* Products */ = {
			isa = PBXGroup;
			children = (
				2377861B2B60AB2A00FA3696 /* Github Followers.app */,
			);
			name = Products;
			sourceTree = "<group>";
		};
		2377861D2B60AB2A00FA3696 /* Github Followers */ = {
			isa = PBXGroup;
			children = (
				239750492B674F8300BDF68B /* Components */,
				239750482B674F5700BDF68B /* Views */,
				239750452B674CAA00BDF68B /* Extension */,
				2377861E2B60AB2A00FA3696 /* AppDelegate.swift */,
				237786202B60AB2A00FA3696 /* SceneDelegate.swift */,
				237786272B60AB2C00FA3696 /* Assets.xcassets */,
				237786292B60AB2C00FA3696 /* LaunchScreen.storyboard */,
				2377862C2B60AB2C00FA3696 /* Info.plist */,
			);
			path = "Github Followers";
			sourceTree = "<group>";
		};
		239750452B674CAA00BDF68B /* Extension */ = {
			isa = PBXGroup;
			children = (
				239750462B674CC900BDF68B /* UIViewController+Ext.swift */,
			);
			path = Extension;
			sourceTree = "<group>";
		};
		239750482B674F5700BDF68B /* Views */ = {
			isa = PBXGroup;
			children = (
				237786222B60AB2A00FA3696 /* SearchVC.swift */,
				237786322B60B09200FA3696 /* FavoriteListVC.swift */,
				237786382B63385500FA3696 /* FollowerListVC.swift */,
			);
			path = Views;
			sourceTree = "<group>";
		};
		239750492B674F8300BDF68B /* Components */ = {
			isa = PBXGroup;
			children = (
				239750412B6739E000BDF68B /* GFBodyLabel.swift */,
				2397503F2B67384300BDF68B /* GFTitleLabel.swift */,
				237786362B60B74200FA3696 /* GFTextField.swift */,
				237786342B60B64500FA3696 /* GFButton.swift */,
				239750432B673A5400BDF68B /* GFAlertVC.swift */,
			);
			path = Components;
			sourceTree = "<group>";
		};
/* End PBXGroup section */

/* Begin PBXNativeTarget section */
		2377861A2B60AB2A00FA3696 /* Github Followers */ = {
			isa = PBXNativeTarget;
			buildConfigurationList = 2377862F2B60AB2C00FA3696 /* Build configuration list for PBXNativeTarget "Github Followers" */;
			buildPhases = (
				237786172B60AB2A00FA3696 /* Sources */,
				237786182B60AB2A00FA3696 /* Frameworks */,
				237786192B60AB2A00FA3696 /* Resources */,
			);
			buildRules = (
			);
			dependencies = (
			);
			name = "Github Followers";
			productName = "Github Followers";
			productReference = 2377861B2B60AB2A00FA3696 /* Github Followers.app */;
			productType = "com.apple.product-type.application";
		};
/* End PBXNativeTarget section */

/* Begin PBXProject section */
		237786132B60AB2A00FA3696 /* Project object */ = {
			isa = PBXProject;
			attributes = {
				BuildIndependentTargetsInParallel = 1;
				LastSwiftUpdateCheck = 1520;
				LastUpgradeCheck = 1520;
				TargetAttributes = {
					2377861A2B60AB2A00FA3696 = {
						CreatedOnToolsVersion = 15.2;
					};
				};
			};
			buildConfigurationList = 237786162B60AB2A00FA3696 /* Build configuration list for PBXProject "Github Followers" */;
			compatibilityVersion = "Xcode 14.0";
			developmentRegion = en;
			hasScannedForEncodings = 0;
			knownRegions = (
				en,
				Base,
			);
			mainGroup = 237786122B60AB2A00FA3696;
			productRefGroup = 2377861C2B60AB2A00FA3696 /* Products */;
			projectDirPath = "";
			projectRoot = "";
			targets = (
				2377861A2B60AB2A00FA3696 /* Github Followers */,
			);
		};
/* End PBXProject section */

/* Begin PBXResourcesBuildPhase section */
		237786192B60AB2A00FA3696 /* Resources */ = {
			isa = PBXResourcesBuildPhase;
			buildActionMask = 2147483647;
			files = (
				2377862B2B60AB2C00FA3696 /* LaunchScreen.storyboard in Resources */,
				237786282B60AB2C00FA3696 /* Assets.xcassets in Resources */,
			);
			runOnlyForDeploymentPostprocessing = 0;
		};
/* End PBXResourcesBuildPhase section */

/* Begin PBXSourcesBuildPhase section */
		237786172B60AB2A00FA3696 /* Sources */ = {
			isa = PBXSourcesBuildPhase;
			buildActionMask = 2147483647;
			files = (
				237786372B60B74200FA3696 /* GFTextField.swift in Sources */,
				237786332B60B09200FA3696 /* FavoriteListVC.swift in Sources */,
				237786352B60B64500FA3696 /* GFButton.swift in Sources */,
				239750472B674CC900BDF68B /* UIViewController+Ext.swift in Sources */,
				237786232B60AB2A00FA3696 /* SearchVC.swift in Sources */,
				239750442B673A5400BDF68B /* GFAlertVC.swift in Sources */,
				239750422B6739E000BDF68B /* GFBodyLabel.swift in Sources */,
				239750402B67384300BDF68B /* GFTitleLabel.swift in Sources */,
				237786392B63385500FA3696 /* FollowerListVC.swift in Sources */,
				2377861F2B60AB2A00FA3696 /* AppDelegate.swift in Sources */,
				237786212B60AB2A00FA3696 /* SceneDelegate.swift in Sources */,
			);
			runOnlyForDeploymentPostprocessing = 0;
		};
/* End PBXSourcesBuildPhase section */

/* Begin PBXVariantGroup section */
		237786292B60AB2C00FA3696 /* LaunchScreen.storyboard */ = {
			isa = PBXVariantGroup;
			children = (
				2377862A2B60AB2C00FA3696 /* Base */,
			);
			name = LaunchScreen.storyboard;
			sourceTree = "<group>";
		};
/* End PBXVariantGroup section */

/* Begin XCBuildConfiguration section */
		2377862D2B60AB2C00FA3696 /* Debug */ = {
			isa = XCBuildConfiguration;
			buildSettings = {
				ALWAYS_SEARCH_USER_PATHS = NO;
				ASSETCATALOG_COMPILER_GENERATE_SWIFT_ASSET_SYMBOL_EXTENSIONS = YES;
				CLANG_ANALYZER_NONNULL = YES;
				CLANG_ANALYZER_NUMBER_OBJECT_CONVERSION = YES_AGGRESSIVE;
				CLANG_CXX_LANGUAGE_STANDARD = "gnu++20";
				CLANG_ENABLE_MODULES = YES;
				CLANG_ENABLE_OBJC_ARC = YES;
				CLANG_ENABLE_OBJC_WEAK = YES;
				CLANG_WARN_BLOCK_CAPTURE_AUTORELEASING = YES;
				CLANG_WARN_BOOL_CONVERSION = YES;
				CLANG_WARN_COMMA = YES;
				CLANG_WARN_CONSTANT_CONVERSION = YES;
				CLANG_WARN_DEPRECATED_OBJC_IMPLEMENTATIONS = YES;
				CLANG_WARN_DIRECT_OBJC_ISA_USAGE = YES_ERROR;
				CLANG_WARN_DOCUMENTATION_COMMENTS = YES;
				CLANG_WARN_EMPTY_BODY = YES;
				CLANG_WARN_ENUM_CONVERSION = YES;
				CLANG_WARN_INFINITE_RECURSION = YES;
				CLANG_WARN_INT_CONVERSION = YES;
				CLANG_WARN_NON_LITERAL_NULL_CONVERSION = YES;
				CLANG_WARN_OBJC_IMPLICIT_RETAIN_SELF = YES;
				CLANG_WARN_OBJC_LITERAL_CONVERSION = YES;
				CLANG_WARN_OBJC_ROOT_CLASS = YES_ERROR;
				CLANG_WARN_QUOTED_INCLUDE_IN_FRAMEWORK_HEADER = YES;
				CLANG_WARN_RANGE_LOOP_ANALYSIS = YES;
				CLANG_WARN_STRICT_PROTOTYPES = YES;
				CLANG_WARN_SUSPICIOUS_MOVE = YES;
				CLANG_WARN_UNGUARDED_AVAILABILITY = YES_AGGRESSIVE;
				CLANG_WARN_UNREACHABLE_CODE = YES;
				CLANG_WARN__DUPLICATE_METHOD_MATCH = YES;
				COPY_PHASE_STRIP = NO;
				DEBUG_INFORMATION_FORMAT = dwarf;
				ENABLE_STRICT_OBJC_MSGSEND = YES;
				ENABLE_TESTABILITY = YES;
				ENABLE_USER_SCRIPT_SANDBOXING = YES;
				GCC_C_LANGUAGE_STANDARD = gnu17;
				GCC_DYNAMIC_NO_PIC = NO;
				GCC_NO_COMMON_BLOCKS = YES;
				GCC_OPTIMIZATION_LEVEL = 0;
				GCC_PREPROCESSOR_DEFINITIONS = (
					"DEBUG=1",
					"$(inherited)",
				);
				GCC_WARN_64_TO_32_BIT_CONVERSION = YES;
				GCC_WARN_ABOUT_RETURN_TYPE = YES_ERROR;
				GCC_WARN_UNDECLARED_SELECTOR = YES;
				GCC_WARN_UNINITIALIZED_AUTOS = YES_AGGRESSIVE;
				GCC_WARN_UNUSED_FUNCTION = YES;
				GCC_WARN_UNUSED_VARIABLE = YES;
				IPHONEOS_DEPLOYMENT_TARGET = 17.2;
				LOCALIZATION_PREFERS_STRING_CATALOGS = YES;
				MTL_ENABLE_DEBUG_INFO = INCLUDE_SOURCE;
				MTL_FAST_MATH = YES;
				ONLY_ACTIVE_ARCH = YES;
				SDKROOT = iphoneos;
				SWIFT_ACTIVE_COMPILATION_CONDITIONS = "DEBUG $(inherited)";
				SWIFT_OPTIMIZATION_LEVEL = "-Onone";
			};
			name = Debug;
		};
		2377862E2B60AB2C00FA3696 /* Release */ = {
			isa = XCBuildConfiguration;
			buildSettings = {
				ALWAYS_SEARCH_USER_PATHS = NO;
				ASSETCATALOG_COMPILER_GENERATE_SWIFT_ASSET_SYMBOL_EXTENSIONS = YES;
				CLANG_ANALYZER_NONNULL = YES;
				CLANG_ANALYZER_NUMBER_OBJECT_CONVERSION = YES_AGGRESSIVE;
				CLANG_CXX_LANGUAGE_STANDARD = "gnu++20";
				CLANG_ENABLE_MODULES = YES;
				CLANG_ENABLE_OBJC_ARC = YES;
				CLANG_ENABLE_OBJC_WEAK = YES;
				CLANG_WARN_BLOCK_CAPTURE_AUTORELEASING = YES;
				CLANG_WARN_BOOL_CONVERSION = YES;
				CLANG_WARN_COMMA = YES;
				CLANG_WARN_CONSTANT_CONVERSION = YES;
				CLANG_WARN_DEPRECATED_OBJC_IMPLEMENTATIONS = YES;
				CLANG_WARN_DIRECT_OBJC_ISA_USAGE = YES_ERROR;
				CLANG_WARN_DOCUMENTATION_COMMENTS = YES;
				CLANG_WARN_EMPTY_BODY = YES;
				CLANG_WARN_ENUM_CONVERSION = YES;
				CLANG_WARN_INFINITE_RECURSION = YES;
				CLANG_WARN_INT_CONVERSION = YES;
				CLANG_WARN_NON_LITERAL_NULL_CONVERSION = YES;
				CLANG_WARN_OBJC_IMPLICIT_RETAIN_SELF = YES;
				CLANG_WARN_OBJC_LITERAL_CONVERSION = YES;
				CLANG_WARN_OBJC_ROOT_CLASS = YES_ERROR;
				CLANG_WARN_QUOTED_INCLUDE_IN_FRAMEWORK_HEADER = YES;
				CLANG_WARN_RANGE_LOOP_ANALYSIS = YES;
				CLANG_WARN_STRICT_PROTOTYPES = YES;
				CLANG_WARN_SUSPICIOUS_MOVE = YES;
				CLANG_WARN_UNGUARDED_AVAILABILITY = YES_AGGRESSIVE;
				CLANG_WARN_UNREACHABLE_CODE = YES;
				CLANG_WARN__DUPLICATE_METHOD_MATCH = YES;
				COPY_PHASE_STRIP = NO;
				DEBUG_INFORMATION_FORMAT = "dwarf-with-dsym";
				ENABLE_NS_ASSERTIONS = NO;
				ENABLE_STRICT_OBJC_MSGSEND = YES;
				ENABLE_USER_SCRIPT_SANDBOXING = YES;
				GCC_C_LANGUAGE_STANDARD = gnu17;
				GCC_NO_COMMON_BLOCKS = YES;
				GCC_WARN_64_TO_32_BIT_CONVERSION = YES;
				GCC_WARN_ABOUT_RETURN_TYPE = YES_ERROR;
				GCC_WARN_UNDECLARED_SELECTOR = YES;
				GCC_WARN_UNINITIALIZED_AUTOS = YES_AGGRESSIVE;
				GCC_WARN_UNUSED_FUNCTION = YES;
				GCC_WARN_UNUSED_VARIABLE = YES;
				IPHONEOS_DEPLOYMENT_TARGET = 17.2;
				LOCALIZATION_PREFERS_STRING_CATALOGS = YES;
				MTL_ENABLE_DEBUG_INFO = NO;
				MTL_FAST_MATH = YES;
				SDKROOT = iphoneos;
				SWIFT_COMPILATION_MODE = wholemodule;
				VALIDATE_PRODUCT = YES;
			};
			name = Release;
		};
		237786302B60AB2C00FA3696 /* Debug */ = {
			isa = XCBuildConfiguration;
			buildSettings = {
				ASSETCATALOG_COMPILER_APPICON_NAME = AppIcon;
				ASSETCATALOG_COMPILER_GLOBAL_ACCENT_COLOR_NAME = AccentColor;
				CODE_SIGN_STYLE = Automatic;
				CURRENT_PROJECT_VERSION = 1;
				DEVELOPMENT_TEAM = 7FUC59ZN7P;
				GENERATE_INFOPLIST_FILE = YES;
				INFOPLIST_FILE = "Github Followers/Info.plist";
				INFOPLIST_KEY_UIApplicationSupportsIndirectInputEvents = YES;
				INFOPLIST_KEY_UILaunchStoryboardName = LaunchScreen;
				INFOPLIST_KEY_UISupportedInterfaceOrientations = UIInterfaceOrientationPortrait;
				LD_RUNPATH_SEARCH_PATHS = (
					"$(inherited)",
					"@executable_path/Frameworks",
				);
				MARKETING_VERSION = 1.0;
				PRODUCT_BUNDLE_IDENTIFIER = "com.marufboy.Github-Followers";
				PRODUCT_NAME = "$(TARGET_NAME)";
				SUPPORTED_PLATFORMS = "iphoneos iphonesimulator";
				SUPPORTS_MACCATALYST = NO;
				SUPPORTS_MAC_DESIGNED_FOR_IPHONE_IPAD = NO;
				SUPPORTS_XR_DESIGNED_FOR_IPHONE_IPAD = NO;
				SWIFT_EMIT_LOC_STRINGS = YES;
				SWIFT_VERSION = 5.0;
				TARGETED_DEVICE_FAMILY = 1;
			};
			name = Debug;
		};
		237786312B60AB2C00FA3696 /* Release */ = {
			isa = XCBuildConfiguration;
			buildSettings = {
				ASSETCATALOG_COMPILER_APPICON_NAME = AppIcon;
				ASSETCATALOG_COMPILER_GLOBAL_ACCENT_COLOR_NAME = AccentColor;
				CODE_SIGN_STYLE = Automatic;
				CURRENT_PROJECT_VERSION = 1;
				DEVELOPMENT_TEAM = 7FUC59ZN7P;
				GENERATE_INFOPLIST_FILE = YES;
				INFOPLIST_FILE = "Github Followers/Info.plist";
				INFOPLIST_KEY_UIApplicationSupportsIndirectInputEvents = YES;
				INFOPLIST_KEY_UILaunchStoryboardName = LaunchScreen;
				INFOPLIST_KEY_UISupportedInterfaceOrientations = UIInterfaceOrientationPortrait;
				LD_RUNPATH_SEARCH_PATHS = (
					"$(inherited)",
					"@executable_path/Frameworks",
				);
				MARKETING_VERSION = 1.0;
				PRODUCT_BUNDLE_IDENTIFIER = "com.marufboy.Github-Followers";
				PRODUCT_NAME = "$(TARGET_NAME)";
				SUPPORTED_PLATFORMS = "iphoneos iphonesimulator";
				SUPPORTS_MACCATALYST = NO;
				SUPPORTS_MAC_DESIGNED_FOR_IPHONE_IPAD = NO;
				SUPPORTS_XR_DESIGNED_FOR_IPHONE_IPAD = NO;
				SWIFT_EMIT_LOC_STRINGS = YES;
				SWIFT_VERSION = 5.0;
				TARGETED_DEVICE_FAMILY = 1;
			};
			name = Release;
		};
/* End XCBuildConfiguration section */

/* Begin XCConfigurationList section */
		237786162B60AB2A00FA3696 /* Build configuration list for PBXProject "Github Followers" */ = {
			isa = XCConfigurationList;
			buildConfigurations = (
				2377862D2B60AB2C00FA3696 /* Debug */,
				2377862E2B60AB2C00FA3696 /* Release */,
			);
			defaultConfigurationIsVisible = 0;
			defaultConfigurationName = Release;
		};
		2377862F2B60AB2C00FA3696 /* Build configuration list for PBXNativeTarget "Github Followers" */ = {
			isa = XCConfigurationList;
			buildConfigurations = (
				237786302B60AB2C00FA3696 /* Debug */,
				237786312B60AB2C00FA3696 /* Release */,
			);
			defaultConfigurationIsVisible = 0;
			defaultConfigurationName = Release;
		};
/* End XCConfigurationList section */
	};
	rootObject = 237786132B60AB2A00FA3696 /* Project object */;
}
